
Microsoft Visual Studio Solution File, Format Version 12.00
# Visual Studio Version 17
VisualStudioVersion = 17.7.34024.191
MinimumVisualStudioVersion = 10.0.40219.1
Project("{FAE04EC0-301F-11D3-BF4B-00C04F79EFBC}") = "UP_laba4_EF", "UP_laba4_EF.csproj", "{7E2EB01E-6808-466A-8A73-5A97DA7C5C87}"
EndProject
Global
	GlobalSection(SolutionConfigurationPlatforms) = preSolution
		Debug|Any CPU = Debug|Any CPU
		Release|Any CPU = Release|Any CPU
	EndGlobalSection
	GlobalSection(ProjectConfigurationPlatforms) = postSolution
		{7E2EB01E-6808-466A-8A73-5A97DA7C5C87}.Debug|Any CPU.ActiveCfg = Debug|Any CPU
		{7E2EB01E-6808-466A-8A73-5A97DA7C5C87}.Debug|Any CPU.Build.0 = Debug|Any CPU
		{7E2EB01E-6808-466A-8A73-5A97DA7C5C87}.Release|Any CPU.ActiveCfg = Release|Any CPU
		{7E2EB01E-6808-466A-8A73-5A97DA7C5C87}.Release|Any CPU.Build.0 = Release|Any CPU
	EndGlobalSection
	GlobalSection(SolutionProperties) = preSolution
		HideSolutionNode = FALSE
	EndGlobalSection
	GlobalSection(ExtensibilityGlobals) = postSolution
		SolutionGuid = {BBCC2437-DE3F-4245-AD39-F89630189A11}
	EndGlobalSection
EndGlobal
